
Microsoft Visual Studio Solution File, Format Version 12.00
# Visual Studio Version 16
VisualStudioVersion = 16.0.30621.155
MinimumVisualStudioVersion = 10.0.40219.1
Project("{9A19103F-16F7-4668-BE54-9A1E7A4F7556}") = "Infra.Net.SwaggerFilters", "Infra.Net.SwaggerFilters\Infra.Net.SwaggerFilters.csproj", "{869E3969-641D-4C4A-9082-529DEA639277}"
EndProject
Project("{2150E333-8FDC-42A3-9474-1A3956D46DE8}") = "Templates", "Templates", "{8AA39779-2E1D-4AC1-92CB-4D1ED74BDE33}"
EndProject
Project("{2150E333-8FDC-42A3-9474-1A3956D46DE8}") = "Tools", "Tools", "{E737879D-506F-471C-9BE9-0F6947D4D7C0}"
EndProject
Project("{9A19103F-16F7-4668-BE54-9A1E7A4F7556}") = "Infra.Net.Extensions", "Infra.Net.Extensions\Infra.Net.Extensions.csproj", "{68409657-02E2-4F53-908D-22777C5BF12E}"
EndProject
Project("{2150E333-8FDC-42A3-9474-1A3956D46DE8}") = "Extensions", "Extensions", "{63B83451-80E6-4E32-BDCB-AF7F27F3DEBB}"
EndProject
Project("{9A19103F-16F7-4668-BE54-9A1E7A4F7556}") = "Infra.Net.Helpers", "Infra.Net.Helpers\Infra.Net.Helpers.csproj", "{D08680CD-1481-4F7C-9B44-DDA60355BC30}"
EndProject
Project("{9A19103F-16F7-4668-BE54-9A1E7A4F7556}") = "Infra.Net.HttpClientManager", "Infra.Net.HttpClientManager\Infra.Net.HttpClientManager.csproj", "{ABE98D82-853C-4044-9E49-B176E8CC790C}"
EndProject
Project("{2150E333-8FDC-42A3-9474-1A3956D46DE8}") = "Tests", "Tests", "{1709A315-E0AF-4225-8E13-069CE4D34235}"
EndProject
Project("{9A19103F-16F7-4668-BE54-9A1E7A4F7556}") = "Infra.Net.CacheManager", "Infra.Net.CacheManager\Infra.Net.CacheManager.csproj", "{3CA50BEC-6319-4166-9F8D-DF2B247522B7}"
EndProject
Project("{2150E333-8FDC-42A3-9474-1A3956D46DE8}") = "Log", "Log", "{F9535257-7C58-49D6-8481-63C86A2C7CCA}"
EndProject
Project("{2150E333-8FDC-42A3-9474-1A3956D46DE8}") = "Cache", "Cache", "{29C31F9D-E5E3-4C2C-ADEA-E9C7F5240AFD}"
EndProject
Project("{2150E333-8FDC-42A3-9474-1A3956D46DE8}") = "HttpClientManager", "HttpClientManager", "{49926FD7-F463-43C9-BBE7-D4A95FD74F30}"
EndProject
Project("{9A19103F-16F7-4668-BE54-9A1E7A4F7556}") = "Infra.Net.CacheManager.Http", "Infra.Net.CacheManager.Http\Infra.Net.CacheManager.Http.csproj", "{9156373F-5A57-4F4E-90C1-DE27A5A57AE5}"
EndProject
Project("{9A19103F-16F7-4668-BE54-9A1E7A4F7556}") = "Template.HttpClient_API", "Template.HttpClient_API\Template.HttpClient_API.csproj", "{EBF9C1C4-C530-49BE-9DE6-93F966D57008}"
EndProject
Project("{E53339B2-1760-4266-BCC7-CA923CBCF16C}") = "docker-compose", "docker-compose.dcproj", "{A5391491-8500-414B-9AF3-4F42A9543CF6}"
EndProject
Project("{9A19103F-16F7-4668-BE54-9A1E7A4F7556}") = "Template.Versioning_API", "Template.Versioning_API\Template.Versioning_API.csproj", "{205603DF-5C02-43B9-A8F1-32F55C8D34EC}"
EndProject
Project("{9A19103F-16F7-4668-BE54-9A1E7A4F7556}") = "Infra.Net.LogManager", "Infra.Net.LogManager\Infra.Net.LogManager.csproj", "{3C5F02BD-BCDC-4E66-8B22-C7DB4906871A}"
EndProject
Project("{9A19103F-16F7-4668-BE54-9A1E7A4F7556}") = "Infra.Net.LogManager.DbExtensions", "Infra.Net.LogManager.DbExtensions\Infra.Net.LogManager.DbExtensions.csproj", "{B87BE009-4A80-43EC-A0AB-496159DDD910}"
EndProject
Project("{9A19103F-16F7-4668-BE54-9A1E7A4F7556}") = "Infra.Net.LogManager.WebExtensions", "Infra.Net.LogManager.WebExtensions\Infra.Net.LogManager.WebExtensions.csproj", "{E1A98C5A-A267-415B-A777-825493F3EC41}"
EndProject
Project("{2150E333-8FDC-42A3-9474-1A3956D46DE8}") = "Data", "Data", "{EA08B8F9-EF0E-418A-8C5B-ED114386FB9D}"
EndProject
Project("{9A19103F-16F7-4668-BE54-9A1E7A4F7556}") = "Infra.Net.DataAccess.MongoDb", "Infra.Net.DataAccess.MongoDb\Infra.Net.DataAccess.MongoDb.csproj", "{5E513F80-CF1F-4E4A-8830-2CA57DF90355}"
EndProject
Project("{9A19103F-16F7-4668-BE54-9A1E7A4F7556}") = "Infra.Net.DataAccess.MongoDb.WebHelpers", "Infra.Net.DataAccess.MongoDb.WebHelpers\Infra.Net.DataAccess.MongoDb.WebHelpers.csproj", "{E304C119-7488-4996-9018-F14894C6B188}"
EndProject
Project("{9A19103F-16F7-4668-BE54-9A1E7A4F7556}") = "Infra.Net.CacheManager.Memcached", "Infra.Net.CacheManager.Memcached\Infra.Net.CacheManager.Memcached.csproj", "{1798CAC2-3E60-4371-B9D7-EBF31B8A40EC}"
EndProject
Project("{9A19103F-16F7-4668-BE54-9A1E7A4F7556}") = "Infra.Net.Extensions.Tests", "..\UnitTests\Infra.Net.Extensions.Tests\Infra.Net.Extensions.Tests.csproj", "{AC74EFBB-556F-4497-9428-0BDA18F95A14}"
EndProject
Project("{FAE04EC0-301F-11D3-BF4B-00C04F79EFBC}") = "Infra.Net.DomainExtensions", "Infra.Net.DomainExtensions\Infra.Net.DomainExtensions.csproj", "{FDA5A347-A5E6-4880-BF01-1073AE5611CD}"
EndProject
Global
	GlobalSection(SolutionConfigurationPlatforms) = preSolution
		Debug|Any CPU = Debug|Any CPU
		Release|Any CPU = Release|Any CPU
	EndGlobalSection
	GlobalSection(ProjectConfigurationPlatforms) = postSolution
		{869E3969-641D-4C4A-9082-529DEA639277}.Debug|Any CPU.ActiveCfg = Debug|Any CPU
		{869E3969-641D-4C4A-9082-529DEA639277}.Debug|Any CPU.Build.0 = Debug|Any CPU
		{869E3969-641D-4C4A-9082-529DEA639277}.Release|Any CPU.ActiveCfg = Release|Any CPU
		{869E3969-641D-4C4A-9082-529DEA639277}.Release|Any CPU.Build.0 = Release|Any CPU
		{68409657-02E2-4F53-908D-22777C5BF12E}.Debug|Any CPU.ActiveCfg = Debug|Any CPU
		{68409657-02E2-4F53-908D-22777C5BF12E}.Debug|Any CPU.Build.0 = Debug|Any CPU
		{68409657-02E2-4F53-908D-22777C5BF12E}.Release|Any CPU.ActiveCfg = Release|Any CPU
		{68409657-02E2-4F53-908D-22777C5BF12E}.Release|Any CPU.Build.0 = Release|Any CPU
		{D08680CD-1481-4F7C-9B44-DDA60355BC30}.Debug|Any CPU.ActiveCfg = Debug|Any CPU
		{D08680CD-1481-4F7C-9B44-DDA60355BC30}.Debug|Any CPU.Build.0 = Debug|Any CPU
		{D08680CD-1481-4F7C-9B44-DDA60355BC30}.Release|Any CPU.ActiveCfg = Release|Any CPU
		{D08680CD-1481-4F7C-9B44-DDA60355BC30}.Release|Any CPU.Build.0 = Release|Any CPU
		{ABE98D82-853C-4044-9E49-B176E8CC790C}.Debug|Any CPU.ActiveCfg = Debug|Any CPU
		{ABE98D82-853C-4044-9E49-B176E8CC790C}.Debug|Any CPU.Build.0 = Debug|Any CPU
		{ABE98D82-853C-4044-9E49-B176E8CC790C}.Release|Any CPU.ActiveCfg = Release|Any CPU
		{ABE98D82-853C-4044-9E49-B176E8CC790C}.Release|Any CPU.Build.0 = Release|Any CPU
		{3CA50BEC-6319-4166-9F8D-DF2B247522B7}.Debug|Any CPU.ActiveCfg = Debug|Any CPU
		{3CA50BEC-6319-4166-9F8D-DF2B247522B7}.Debug|Any CPU.Build.0 = Debug|Any CPU
		{3CA50BEC-6319-4166-9F8D-DF2B247522B7}.Release|Any CPU.ActiveCfg = Release|Any CPU
		{3CA50BEC-6319-4166-9F8D-DF2B247522B7}.Release|Any CPU.Build.0 = Release|Any CPU
		{9156373F-5A57-4F4E-90C1-DE27A5A57AE5}.Debug|Any CPU.ActiveCfg = Debug|Any CPU
		{9156373F-5A57-4F4E-90C1-DE27A5A57AE5}.Debug|Any CPU.Build.0 = Debug|Any CPU
		{9156373F-5A57-4F4E-90C1-DE27A5A57AE5}.Release|Any CPU.ActiveCfg = Release|Any CPU
		{9156373F-5A57-4F4E-90C1-DE27A5A57AE5}.Release|Any CPU.Build.0 = Release|Any CPU
		{EBF9C1C4-C530-49BE-9DE6-93F966D57008}.Debug|Any CPU.ActiveCfg = Debug|Any CPU
		{EBF9C1C4-C530-49BE-9DE6-93F966D57008}.Debug|Any CPU.Build.0 = Debug|Any CPU
		{EBF9C1C4-C530-49BE-9DE6-93F966D57008}.Release|Any CPU.ActiveCfg = Release|Any CPU
		{EBF9C1C4-C530-49BE-9DE6-93F966D57008}.Release|Any CPU.Build.0 = Release|Any CPU
		{A5391491-8500-414B-9AF3-4F42A9543CF6}.Debug|Any CPU.ActiveCfg = Debug|Any CPU
		{A5391491-8500-414B-9AF3-4F42A9543CF6}.Debug|Any CPU.Build.0 = Debug|Any CPU
		{A5391491-8500-414B-9AF3-4F42A9543CF6}.Release|Any CPU.ActiveCfg = Release|Any CPU
		{A5391491-8500-414B-9AF3-4F42A9543CF6}.Release|Any CPU.Build.0 = Release|Any CPU
		{205603DF-5C02-43B9-A8F1-32F55C8D34EC}.Debug|Any CPU.ActiveCfg = Debug|Any CPU
		{205603DF-5C02-43B9-A8F1-32F55C8D34EC}.Debug|Any CPU.Build.0 = Debug|Any CPU
		{205603DF-5C02-43B9-A8F1-32F55C8D34EC}.Release|Any CPU.ActiveCfg = Release|Any CPU
		{205603DF-5C02-43B9-A8F1-32F55C8D34EC}.Release|Any CPU.Build.0 = Release|Any CPU
		{3C5F02BD-BCDC-4E66-8B22-C7DB4906871A}.Debug|Any CPU.ActiveCfg = Debug|Any CPU
		{3C5F02BD-BCDC-4E66-8B22-C7DB4906871A}.Debug|Any CPU.Build.0 = Debug|Any CPU
		{3C5F02BD-BCDC-4E66-8B22-C7DB4906871A}.Release|Any CPU.ActiveCfg = Release|Any CPU
		{3C5F02BD-BCDC-4E66-8B22-C7DB4906871A}.Release|Any CPU.Build.0 = Release|Any CPU
		{B87BE009-4A80-43EC-A0AB-496159DDD910}.Debug|Any CPU.ActiveCfg = Debug|Any CPU
		{B87BE009-4A80-43EC-A0AB-496159DDD910}.Debug|Any CPU.Build.0 = Debug|Any CPU
		{B87BE009-4A80-43EC-A0AB-496159DDD910}.Release|Any CPU.ActiveCfg = Release|Any CPU
		{B87BE009-4A80-43EC-A0AB-496159DDD910}.Release|Any CPU.Build.0 = Release|Any CPU
		{E1A98C5A-A267-415B-A777-825493F3EC41}.Debug|Any CPU.ActiveCfg = Debug|Any CPU
		{E1A98C5A-A267-415B-A777-825493F3EC41}.Debug|Any CPU.Build.0 = Debug|Any CPU
		{E1A98C5A-A267-415B-A777-825493F3EC41}.Release|Any CPU.ActiveCfg = Release|Any CPU
		{E1A98C5A-A267-415B-A777-825493F3EC41}.Release|Any CPU.Build.0 = Release|Any CPU
		{5E513F80-CF1F-4E4A-8830-2CA57DF90355}.Debug|Any CPU.ActiveCfg = Debug|Any CPU
		{5E513F80-CF1F-4E4A-8830-2CA57DF90355}.Debug|Any CPU.Build.0 = Debug|Any CPU
		{5E513F80-CF1F-4E4A-8830-2CA57DF90355}.Release|Any CPU.ActiveCfg = Release|Any CPU
		{5E513F80-CF1F-4E4A-8830-2CA57DF90355}.Release|Any CPU.Build.0 = Release|Any CPU
		{E304C119-7488-4996-9018-F14894C6B188}.Debug|Any CPU.ActiveCfg = Debug|Any CPU
		{E304C119-7488-4996-9018-F14894C6B188}.Debug|Any CPU.Build.0 = Debug|Any CPU
		{E304C119-7488-4996-9018-F14894C6B188}.Release|Any CPU.ActiveCfg = Release|Any CPU
		{E304C119-7488-4996-9018-F14894C6B188}.Release|Any CPU.Build.0 = Release|Any CPU
		{1798CAC2-3E60-4371-B9D7-EBF31B8A40EC}.Debug|Any CPU.ActiveCfg = Debug|Any CPU
		{1798CAC2-3E60-4371-B9D7-EBF31B8A40EC}.Debug|Any CPU.Build.0 = Debug|Any CPU
		{1798CAC2-3E60-4371-B9D7-EBF31B8A40EC}.Release|Any CPU.ActiveCfg = Release|Any CPU
		{1798CAC2-3E60-4371-B9D7-EBF31B8A40EC}.Release|Any CPU.Build.0 = Release|Any CPU
		{AC74EFBB-556F-4497-9428-0BDA18F95A14}.Debug|Any CPU.ActiveCfg = Debug|Any CPU
		{AC74EFBB-556F-4497-9428-0BDA18F95A14}.Debug|Any CPU.Build.0 = Debug|Any CPU
		{AC74EFBB-556F-4497-9428-0BDA18F95A14}.Release|Any CPU.ActiveCfg = Release|Any CPU
		{AC74EFBB-556F-4497-9428-0BDA18F95A14}.Release|Any CPU.Build.0 = Release|Any CPU
		{FDA5A347-A5E6-4880-BF01-1073AE5611CD}.Debug|Any CPU.ActiveCfg = Debug|Any CPU
		{FDA5A347-A5E6-4880-BF01-1073AE5611CD}.Debug|Any CPU.Build.0 = Debug|Any CPU
		{FDA5A347-A5E6-4880-BF01-1073AE5611CD}.Release|Any CPU.ActiveCfg = Release|Any CPU
		{FDA5A347-A5E6-4880-BF01-1073AE5611CD}.Release|Any CPU.Build.0 = Release|Any CPU
	EndGlobalSection
	GlobalSection(SolutionProperties) = preSolution
		HideSolutionNode = FALSE
	EndGlobalSection
	GlobalSection(NestedProjects) = preSolution
		{869E3969-641D-4C4A-9082-529DEA639277} = {63B83451-80E6-4E32-BDCB-AF7F27F3DEBB}
		{68409657-02E2-4F53-908D-22777C5BF12E} = {63B83451-80E6-4E32-BDCB-AF7F27F3DEBB}
		{63B83451-80E6-4E32-BDCB-AF7F27F3DEBB} = {E737879D-506F-471C-9BE9-0F6947D4D7C0}
		{D08680CD-1481-4F7C-9B44-DDA60355BC30} = {63B83451-80E6-4E32-BDCB-AF7F27F3DEBB}
		{ABE98D82-853C-4044-9E49-B176E8CC790C} = {49926FD7-F463-43C9-BBE7-D4A95FD74F30}
		{1709A315-E0AF-4225-8E13-069CE4D34235} = {63B83451-80E6-4E32-BDCB-AF7F27F3DEBB}
		{3CA50BEC-6319-4166-9F8D-DF2B247522B7} = {29C31F9D-E5E3-4C2C-ADEA-E9C7F5240AFD}
		{F9535257-7C58-49D6-8481-63C86A2C7CCA} = {E737879D-506F-471C-9BE9-0F6947D4D7C0}
		{29C31F9D-E5E3-4C2C-ADEA-E9C7F5240AFD} = {E737879D-506F-471C-9BE9-0F6947D4D7C0}
		{49926FD7-F463-43C9-BBE7-D4A95FD74F30} = {E737879D-506F-471C-9BE9-0F6947D4D7C0}
		{9156373F-5A57-4F4E-90C1-DE27A5A57AE5} = {29C31F9D-E5E3-4C2C-ADEA-E9C7F5240AFD}
		{EBF9C1C4-C530-49BE-9DE6-93F966D57008} = {8AA39779-2E1D-4AC1-92CB-4D1ED74BDE33}
		{205603DF-5C02-43B9-A8F1-32F55C8D34EC} = {8AA39779-2E1D-4AC1-92CB-4D1ED74BDE33}
		{3C5F02BD-BCDC-4E66-8B22-C7DB4906871A} = {F9535257-7C58-49D6-8481-63C86A2C7CCA}
		{B87BE009-4A80-43EC-A0AB-496159DDD910} = {F9535257-7C58-49D6-8481-63C86A2C7CCA}
		{E1A98C5A-A267-415B-A777-825493F3EC41} = {F9535257-7C58-49D6-8481-63C86A2C7CCA}
		{EA08B8F9-EF0E-418A-8C5B-ED114386FB9D} = {E737879D-506F-471C-9BE9-0F6947D4D7C0}
		{5E513F80-CF1F-4E4A-8830-2CA57DF90355} = {EA08B8F9-EF0E-418A-8C5B-ED114386FB9D}
		{E304C119-7488-4996-9018-F14894C6B188} = {EA08B8F9-EF0E-418A-8C5B-ED114386FB9D}
		{1798CAC2-3E60-4371-B9D7-EBF31B8A40EC} = {29C31F9D-E5E3-4C2C-ADEA-E9C7F5240AFD}
		{AC74EFBB-556F-4497-9428-0BDA18F95A14} = {1709A315-E0AF-4225-8E13-069CE4D34235}
		{FDA5A347-A5E6-4880-BF01-1073AE5611CD} = {63B83451-80E6-4E32-BDCB-AF7F27F3DEBB}
	EndGlobalSection
	GlobalSection(ExtensibilityGlobals) = postSolution
		SolutionGuid = {568E855C-3F6A-4AD5-B184-A1028F64681C}
	EndGlobalSection
EndGlobal
